
Microsoft Visual Studio Solution File, Format Version 12.00
# Visual Studio Version 17
VisualStudioVersion = 17.5.33516.290
MinimumVisualStudioVersion = 10.0.40219.1
Project("{FAE04EC0-301F-11D3-BF4B-00C04F79EFBC}") = "DaprShop.ShoppingCart.API", "DaprShop.ShoppingCart.API\DaprShop.ShoppingCart.API.csproj", "{5A971C04-BF5F-4483-9EEB-EE013792F789}"
EndProject
Project("{FAE04EC0-301F-11D3-BF4B-00C04F79EFBC}") = "DaprShop.Contracts", "DaprShop.Contracts\DaprShop.Contracts.csproj", "{138ADFAD-176A-4B76-94B3-BC2120228417}"
EndProject
Project("{FAE04EC0-301F-11D3-BF4B-00C04F79EFBC}") = "DaprShop.Recommendation.API", "DaprShop.Recommendation.API\DaprShop.Recommendation.API.csproj", "{6BE4777C-DE4E-4E56-8381-C98F2C3E258E}"
EndProject
Global
	GlobalSection(SolutionConfigurationPlatforms) = preSolution
		Debug|Any CPU = Debug|Any CPU
		Release|Any CPU = Release|Any CPU
	EndGlobalSection
	GlobalSection(ProjectConfigurationPlatforms) = postSolution
		{5A971C04-BF5F-4483-9EEB-EE013792F789}.Debug|Any CPU.ActiveCfg = Debug|Any CPU
		{5A971C04-BF5F-4483-9EEB-EE013792F789}.Debug|Any CPU.Build.0 = Debug|Any CPU
		{5A971C04-BF5F-4483-9EEB-EE013792F789}.Release|Any CPU.ActiveCfg = Release|Any CPU
		{5A971C04-BF5F-4483-9EEB-EE013792F789}.Release|Any CPU.Build.0 = Release|Any CPU
		{138ADFAD-176A-4B76-94B3-BC2120228417}.Debug|Any CPU.ActiveCfg = Debug|Any CPU
		{138ADFAD-176A-4B76-94B3-BC2120228417}.Debug|Any CPU.Build.0 = Debug|Any CPU
		{138ADFAD-176A-4B76-94B3-BC2120228417}.Release|Any CPU.ActiveCfg = Release|Any CPU
		{138ADFAD-176A-4B76-94B3-BC2120228417}.Release|Any CPU.Build.0 = Release|Any CPU
		{6BE4777C-DE4E-4E56-8381-C98F2C3E258E}.Debug|Any CPU.ActiveCfg = Debug|Any CPU
		{6BE4777C-DE4E-4E56-8381-C98F2C3E258E}.Debug|Any CPU.Build.0 = Debug|Any CPU
		{6BE4777C-DE4E-4E56-8381-C98F2C3E258E}.Release|Any CPU.ActiveCfg = Release|Any CPU
		{6BE4777C-DE4E-4E56-8381-C98F2C3E258E}.Release|Any CPU.Build.0 = Release|Any CPU
	EndGlobalSection
	GlobalSection(SolutionProperties) = preSolution
		HideSolutionNode = FALSE
	EndGlobalSection
	GlobalSection(ExtensibilityGlobals) = postSolution
		SolutionGuid = {F7948EB4-D488-45D8-98F0-145133C783BD}
	EndGlobalSection
EndGlobal
